
Microsoft Visual Studio Solution File, Format Version 12.00
# Visual Studio Version 17
VisualStudioVersion = 17.8.34601.278
MinimumVisualStudioVersion = 10.0.40219.1
Project("{9A19103F-16F7-4668-BE54-9A1E7A4F7556}") = "LinqTutorial", "LinqTutorial.csproj", "{5F230D32-05E1-4A0D-BDE0-C6634A954205}"
EndProject
Global
	GlobalSection(SolutionConfigurationPlatforms) = preSolution
		Debug|Any CPU = Debug|Any CPU
		Release|Any CPU = Release|Any CPU
	EndGlobalSection
	GlobalSection(ProjectConfigurationPlatforms) = postSolution
		{5F230D32-05E1-4A0D-BDE0-C6634A954205}.Debug|Any CPU.ActiveCfg = Debug|Any CPU
		{5F230D32-05E1-4A0D-BDE0-C6634A954205}.Debug|Any CPU.Build.0 = Debug|Any CPU
		{5F230D32-05E1-4A0D-BDE0-C6634A954205}.Release|Any CPU.ActiveCfg = Release|Any CPU
		{5F230D32-05E1-4A0D-BDE0-C6634A954205}.Release|Any CPU.Build.0 = Release|Any CPU
	EndGlobalSection
	GlobalSection(SolutionProperties) = preSolution
		HideSolutionNode = FALSE
	EndGlobalSection
	GlobalSection(ExtensibilityGlobals) = postSolution
		SolutionGuid = {16F6F1E6-9C74-4462-AED7-E10AB8836459}
	EndGlobalSection
EndGlobal
